# This file was autogenerated by Stack.
# You should not edit this file by hand.
# For more information, please see the documentation at:
#   https://docs.haskellstack.org/en/stable/lock_files

packages:
- completed:
    hackage: scotty-0.21@sha256:d17f6aa30fc4763670922b3e554db35858b9f7aa9c19937c47568480c4d1e031,5948
    pantry-tree:
      sha256: 9999357ebe8e98b9f52da601a7c051819c661ea8381825078f990266b32c335b
      size: 2068
  original:
    hackage: scotty-0.21@sha256:d17f6aa30fc4763670922b3e554db35858b9f7aa9c19937c47568480c4d1e031,5948
snapshots:
- completed:
    sha256: 2fdd7d3e54540062ef75ca0a73ca3a804c527dbf8a4cadafabf340e66ac4af40
    size: 712469
    url: https://raw.githubusercontent.com/commercialhaskell/stackage-snapshots/master/lts/22/11.yaml
  original:
    url: https://raw.githubusercontent.com/commercialhaskell/stackage-snapshots/master/lts/22/11.yaml
